
Microsoft Visual Studio Solution File, Format Version 12.00
# Visual Studio Version 16
VisualStudioVersion = 16.0.29613.14
MinimumVisualStudioVersion = 10.0.40219.1
Project("{FAE04EC0-301F-11D3-BF4B-00C04F79EFBC}") = "GooglePubSubSubscriber1", "GooglePubSubSubscriber1.csproj", "{2F92EA8F-BA2E-43C4-846C-ED10E10782D9}"
EndProject
Global
	GlobalSection(SolutionConfigurationPlatforms) = preSolution
		Debug|Any CPU = Debug|Any CPU
		Release|Any CPU = Release|Any CPU
	EndGlobalSection
	GlobalSection(ProjectConfigurationPlatforms) = postSolution
		{2F92EA8F-BA2E-43C4-846C-ED10E10782D9}.Debug|Any CPU.ActiveCfg = Debug|Any CPU
		{2F92EA8F-BA2E-43C4-846C-ED10E10782D9}.Debug|Any CPU.Build.0 = Debug|Any CPU
		{2F92EA8F-BA2E-43C4-846C-ED10E10782D9}.Release|Any CPU.ActiveCfg = Release|Any CPU
		{2F92EA8F-BA2E-43C4-846C-ED10E10782D9}.Release|Any CPU.Build.0 = Release|Any CPU
	EndGlobalSection
	GlobalSection(SolutionProperties) = preSolution
		HideSolutionNode = FALSE
	EndGlobalSection
	GlobalSection(ExtensibilityGlobals) = postSolution
		SolutionGuid = {5AFE5392-3858-4EE5-9573-661F957534D1}
	EndGlobalSection
EndGlobal
